
Microsoft Visual Studio Solution File, Format Version 12.00
# Visual Studio Version 16
VisualStudioVersion = 16.0.29025.244
MinimumVisualStudioVersion = 10.0.40219.1
Project("{FAE04EC0-301F-11D3-BF4B-00C04F79EFBC}") = "MethodToTheMadness", "MethodToTheMadness.csproj", "{B6BAE29F-FA46-4B4E-B528-FDDE01B3EE6C}"
EndProject
Global
	GlobalSection(SolutionConfigurationPlatforms) = preSolution
		Debug|Any CPU = Debug|Any CPU
		Release|Any CPU = Release|Any CPU
	EndGlobalSection
	GlobalSection(ProjectConfigurationPlatforms) = postSolution
		{B6BAE29F-FA46-4B4E-B528-FDDE01B3EE6C}.Debug|Any CPU.ActiveCfg = Debug|Any CPU
		{B6BAE29F-FA46-4B4E-B528-FDDE01B3EE6C}.Debug|Any CPU.Build.0 = Debug|Any CPU
		{B6BAE29F-FA46-4B4E-B528-FDDE01B3EE6C}.Release|Any CPU.ActiveCfg = Release|Any CPU
		{B6BAE29F-FA46-4B4E-B528-FDDE01B3EE6C}.Release|Any CPU.Build.0 = Release|Any CPU
	EndGlobalSection
	GlobalSection(SolutionProperties) = preSolution
		HideSolutionNode = FALSE
	EndGlobalSection
	GlobalSection(ExtensibilityGlobals) = postSolution
		SolutionGuid = {F4C32A2D-1D2B-4D9A-9D1F-D2254A9E1E5A}
	EndGlobalSection
EndGlobal
