
Microsoft Visual Studio Solution File, Format Version 12.00
# Visual Studio Version 16
VisualStudioVersion = 16.0.29025.244
MinimumVisualStudioVersion = 10.0.40219.1
Project("{FAE04EC0-301F-11D3-BF4B-00C04F79EFBC}") = "MiniZork", "MiniZork.csproj", "{AD6397EC-FC26-44BE-B6FD-B6BB57FDC81B}"
EndProject
Global
	GlobalSection(SolutionConfigurationPlatforms) = preSolution
		Debug|Any CPU = Debug|Any CPU
		Release|Any CPU = Release|Any CPU
	EndGlobalSection
	GlobalSection(ProjectConfigurationPlatforms) = postSolution
		{AD6397EC-FC26-44BE-B6FD-B6BB57FDC81B}.Debug|Any CPU.ActiveCfg = Debug|Any CPU
		{AD6397EC-FC26-44BE-B6FD-B6BB57FDC81B}.Debug|Any CPU.Build.0 = Debug|Any CPU
		{AD6397EC-FC26-44BE-B6FD-B6BB57FDC81B}.Release|Any CPU.ActiveCfg = Release|Any CPU
		{AD6397EC-FC26-44BE-B6FD-B6BB57FDC81B}.Release|Any CPU.Build.0 = Release|Any CPU
	EndGlobalSection
	GlobalSection(SolutionProperties) = preSolution
		HideSolutionNode = FALSE
	EndGlobalSection
	GlobalSection(ExtensibilityGlobals) = postSolution
		SolutionGuid = {4D432415-82B2-4E59-90B6-6379409CA893}
	EndGlobalSection
EndGlobal
