
Microsoft Visual Studio Solution File, Format Version 12.00
# Visual Studio Version 16
VisualStudioVersion = 16.0.29025.244
MinimumVisualStudioVersion = 10.0.40219.1
Project("{FAE04EC0-301F-11D3-BF4B-00C04F79EFBC}") = "DiceRoller", "DiceRoller.csproj", "{0C6350A2-E5DE-4D3E-AD1E-FA7F78C17964}"
EndProject
Global
	GlobalSection(SolutionConfigurationPlatforms) = preSolution
		Debug|Any CPU = Debug|Any CPU
		Release|Any CPU = Release|Any CPU
	EndGlobalSection
	GlobalSection(ProjectConfigurationPlatforms) = postSolution
		{0C6350A2-E5DE-4D3E-AD1E-FA7F78C17964}.Debug|Any CPU.ActiveCfg = Debug|Any CPU
		{0C6350A2-E5DE-4D3E-AD1E-FA7F78C17964}.Debug|Any CPU.Build.0 = Debug|Any CPU
		{0C6350A2-E5DE-4D3E-AD1E-FA7F78C17964}.Release|Any CPU.ActiveCfg = Release|Any CPU
		{0C6350A2-E5DE-4D3E-AD1E-FA7F78C17964}.Release|Any CPU.Build.0 = Release|Any CPU
	EndGlobalSection
	GlobalSection(SolutionProperties) = preSolution
		HideSolutionNode = FALSE
	EndGlobalSection
	GlobalSection(ExtensibilityGlobals) = postSolution
		SolutionGuid = {58CD573C-7574-4A6A-8007-425754A203D4}
	EndGlobalSection
EndGlobal
