
Microsoft Visual Studio Solution File, Format Version 12.00
# Visual Studio Version 16
VisualStudioVersion = 16.0.29025.244
MinimumVisualStudioVersion = 10.0.40219.1
Project("{FAE04EC0-301F-11D3-BF4B-00C04F79EFBC}") = "BirthStones", "BirthStones.csproj", "{98600590-4B52-4C7A-B5CF-4BDC38B2C35C}"
EndProject
Global
	GlobalSection(SolutionConfigurationPlatforms) = preSolution
		Debug|Any CPU = Debug|Any CPU
		Release|Any CPU = Release|Any CPU
	EndGlobalSection
	GlobalSection(ProjectConfigurationPlatforms) = postSolution
		{98600590-4B52-4C7A-B5CF-4BDC38B2C35C}.Debug|Any CPU.ActiveCfg = Debug|Any CPU
		{98600590-4B52-4C7A-B5CF-4BDC38B2C35C}.Debug|Any CPU.Build.0 = Debug|Any CPU
		{98600590-4B52-4C7A-B5CF-4BDC38B2C35C}.Release|Any CPU.ActiveCfg = Release|Any CPU
		{98600590-4B52-4C7A-B5CF-4BDC38B2C35C}.Release|Any CPU.Build.0 = Release|Any CPU
	EndGlobalSection
	GlobalSection(SolutionProperties) = preSolution
		HideSolutionNode = FALSE
	EndGlobalSection
	GlobalSection(ExtensibilityGlobals) = postSolution
		SolutionGuid = {E1F940EC-F5E3-4AE3-B5D2-50D94D09A649}
	EndGlobalSection
EndGlobal
