
Microsoft Visual Studio Solution File, Format Version 12.00
# Visual Studio Version 16
VisualStudioVersion = 16.0.29102.190
MinimumVisualStudioVersion = 10.0.40219.1
Project("{FAE04EC0-301F-11D3-BF4B-00C04F79EFBC}") = "ADifferentKettleOfFish", "ADifferentKettleOfFish.csproj", "{3B74512B-047C-4668-A730-383404EA6871}"
EndProject
Global
	GlobalSection(SolutionConfigurationPlatforms) = preSolution
		Debug|Any CPU = Debug|Any CPU
		Release|Any CPU = Release|Any CPU
	EndGlobalSection
	GlobalSection(ProjectConfigurationPlatforms) = postSolution
		{3B74512B-047C-4668-A730-383404EA6871}.Debug|Any CPU.ActiveCfg = Debug|Any CPU
		{3B74512B-047C-4668-A730-383404EA6871}.Debug|Any CPU.Build.0 = Debug|Any CPU
		{3B74512B-047C-4668-A730-383404EA6871}.Release|Any CPU.ActiveCfg = Release|Any CPU
		{3B74512B-047C-4668-A730-383404EA6871}.Release|Any CPU.Build.0 = Release|Any CPU
	EndGlobalSection
	GlobalSection(SolutionProperties) = preSolution
		HideSolutionNode = FALSE
	EndGlobalSection
	GlobalSection(ExtensibilityGlobals) = postSolution
		SolutionGuid = {CFA6FDDD-E17A-4BF1-A904-AF85D55A88C7}
	EndGlobalSection
EndGlobal
