
Microsoft Visual Studio Solution File, Format Version 12.00
# Visual Studio Version 16
VisualStudioVersion = 16.0.29025.244
MinimumVisualStudioVersion = 10.0.40219.1
Project("{FAE04EC0-301F-11D3-BF4B-00C04F79EFBC}") = "testMe", "testMe.csproj", "{C1EC24D4-18C5-455B-BFD2-51E7A852403A}"
EndProject
Global
	GlobalSection(SolutionConfigurationPlatforms) = preSolution
		Debug|Any CPU = Debug|Any CPU
		Release|Any CPU = Release|Any CPU
	EndGlobalSection
	GlobalSection(ProjectConfigurationPlatforms) = postSolution
		{C1EC24D4-18C5-455B-BFD2-51E7A852403A}.Debug|Any CPU.ActiveCfg = Debug|Any CPU
		{C1EC24D4-18C5-455B-BFD2-51E7A852403A}.Debug|Any CPU.Build.0 = Debug|Any CPU
		{C1EC24D4-18C5-455B-BFD2-51E7A852403A}.Release|Any CPU.ActiveCfg = Release|Any CPU
		{C1EC24D4-18C5-455B-BFD2-51E7A852403A}.Release|Any CPU.Build.0 = Release|Any CPU
	EndGlobalSection
	GlobalSection(SolutionProperties) = preSolution
		HideSolutionNode = FALSE
	EndGlobalSection
	GlobalSection(ExtensibilityGlobals) = postSolution
		SolutionGuid = {3A488DCA-D73E-407D-AC2B-284452B91585}
	EndGlobalSection
EndGlobal
