
Microsoft Visual Studio Solution File, Format Version 12.00
# Visual Studio Version 16
VisualStudioVersion = 16.0.29025.244
MinimumVisualStudioVersion = 10.0.40219.1
Project("{FAE04EC0-301F-11D3-BF4B-00C04F79EFBC}") = "GuessingGame.UI", "GuessingGame.UI.csproj", "{0450F304-106D-45FB-821F-1EE227F1B8EC}"
EndProject
Project("{FAE04EC0-301F-11D3-BF4B-00C04F79EFBC}") = "GuessingGame.Tests", "..\GuessingGameTests\GuessingGame.Tests.csproj", "{C3FF9AFC-4EC7-4364-A160-BA509D542469}"
EndProject
Project("{FAE04EC0-301F-11D3-BF4B-00C04F79EFBC}") = "GuessingGame.BLL", "..\GuessingGame.BLL\GuessingGame.BLL.csproj", "{C527DB7A-79E8-4954-BBD5-A30A41D5EE42}"
EndProject
Global
	GlobalSection(SolutionConfigurationPlatforms) = preSolution
		Debug|Any CPU = Debug|Any CPU
		Release|Any CPU = Release|Any CPU
	EndGlobalSection
	GlobalSection(ProjectConfigurationPlatforms) = postSolution
		{0450F304-106D-45FB-821F-1EE227F1B8EC}.Debug|Any CPU.ActiveCfg = Debug|Any CPU
		{0450F304-106D-45FB-821F-1EE227F1B8EC}.Debug|Any CPU.Build.0 = Debug|Any CPU
		{0450F304-106D-45FB-821F-1EE227F1B8EC}.Release|Any CPU.ActiveCfg = Release|Any CPU
		{0450F304-106D-45FB-821F-1EE227F1B8EC}.Release|Any CPU.Build.0 = Release|Any CPU
		{C3FF9AFC-4EC7-4364-A160-BA509D542469}.Debug|Any CPU.ActiveCfg = Debug|Any CPU
		{C3FF9AFC-4EC7-4364-A160-BA509D542469}.Debug|Any CPU.Build.0 = Debug|Any CPU
		{C3FF9AFC-4EC7-4364-A160-BA509D542469}.Release|Any CPU.ActiveCfg = Release|Any CPU
		{C3FF9AFC-4EC7-4364-A160-BA509D542469}.Release|Any CPU.Build.0 = Release|Any CPU
		{C527DB7A-79E8-4954-BBD5-A30A41D5EE42}.Debug|Any CPU.ActiveCfg = Debug|Any CPU
		{C527DB7A-79E8-4954-BBD5-A30A41D5EE42}.Debug|Any CPU.Build.0 = Debug|Any CPU
		{C527DB7A-79E8-4954-BBD5-A30A41D5EE42}.Release|Any CPU.ActiveCfg = Release|Any CPU
		{C527DB7A-79E8-4954-BBD5-A30A41D5EE42}.Release|Any CPU.Build.0 = Release|Any CPU
	EndGlobalSection
	GlobalSection(SolutionProperties) = preSolution
		HideSolutionNode = FALSE
	EndGlobalSection
	GlobalSection(ExtensibilityGlobals) = postSolution
		SolutionGuid = {4E24AFDD-AE92-4A70-93A9-3FD704493F76}
	EndGlobalSection
EndGlobal
