
Microsoft Visual Studio Solution File, Format Version 12.00
# Visual Studio Version 16
VisualStudioVersion = 16.0.29102.190
MinimumVisualStudioVersion = 10.0.40219.1
Project("{FAE04EC0-301F-11D3-BF4B-00C04F79EFBC}") = "ADangRainbow", "ADangRainbow.csproj", "{5359608F-1823-4F8A-B17C-597BB878A919}"
EndProject
Global
	GlobalSection(SolutionConfigurationPlatforms) = preSolution
		Debug|Any CPU = Debug|Any CPU
		Release|Any CPU = Release|Any CPU
	EndGlobalSection
	GlobalSection(ProjectConfigurationPlatforms) = postSolution
		{5359608F-1823-4F8A-B17C-597BB878A919}.Debug|Any CPU.ActiveCfg = Debug|Any CPU
		{5359608F-1823-4F8A-B17C-597BB878A919}.Debug|Any CPU.Build.0 = Debug|Any CPU
		{5359608F-1823-4F8A-B17C-597BB878A919}.Release|Any CPU.ActiveCfg = Release|Any CPU
		{5359608F-1823-4F8A-B17C-597BB878A919}.Release|Any CPU.Build.0 = Release|Any CPU
	EndGlobalSection
	GlobalSection(SolutionProperties) = preSolution
		HideSolutionNode = FALSE
	EndGlobalSection
	GlobalSection(ExtensibilityGlobals) = postSolution
		SolutionGuid = {65E230BB-F8CE-4454-BB67-458D7E1C1143}
	EndGlobalSection
EndGlobal
