
Microsoft Visual Studio Solution File, Format Version 12.00
# Visual Studio Version 16
VisualStudioVersion = 16.0.29025.244
MinimumVisualStudioVersion = 10.0.40219.1
Project("{FAE04EC0-301F-11D3-BF4B-00C04F79EFBC}") = "LovesMeNot", "LovesMeNot.csproj", "{B846137D-05BB-4CA1-9F6F-26980BF168F0}"
EndProject
Global
	GlobalSection(SolutionConfigurationPlatforms) = preSolution
		Debug|Any CPU = Debug|Any CPU
		Release|Any CPU = Release|Any CPU
	EndGlobalSection
	GlobalSection(ProjectConfigurationPlatforms) = postSolution
		{B846137D-05BB-4CA1-9F6F-26980BF168F0}.Debug|Any CPU.ActiveCfg = Debug|Any CPU
		{B846137D-05BB-4CA1-9F6F-26980BF168F0}.Debug|Any CPU.Build.0 = Debug|Any CPU
		{B846137D-05BB-4CA1-9F6F-26980BF168F0}.Release|Any CPU.ActiveCfg = Release|Any CPU
		{B846137D-05BB-4CA1-9F6F-26980BF168F0}.Release|Any CPU.Build.0 = Release|Any CPU
	EndGlobalSection
	GlobalSection(SolutionProperties) = preSolution
		HideSolutionNode = FALSE
	EndGlobalSection
	GlobalSection(ExtensibilityGlobals) = postSolution
		SolutionGuid = {82100A3F-9B88-4D20-8119-088F009651F7}
	EndGlobalSection
EndGlobal
