
Microsoft Visual Studio Solution File, Format Version 12.00
# Visual Studio Version 16
VisualStudioVersion = 16.0.29025.244
MinimumVisualStudioVersion = 10.0.40219.1
Project("{FAE04EC0-301F-11D3-BF4B-00C04F79EFBC}") = "SG. ConsoleUtilities.BLL", "SG. ConsoleUtilities.BLL.csproj", "{0F63F7EE-20E2-4AA6-890A-E3A6BA0AD03D}"
EndProject
Project("{FAE04EC0-301F-11D3-BF4B-00C04F79EFBC}") = "SG.ConsoleUtilities.UI", "..\SG.ConsoleUtilities.UI\SG.ConsoleUtilities.UI.csproj", "{9B5BE5D6-1667-448E-8A25-6DA7AE15BC89}"
EndProject
Global
	GlobalSection(SolutionConfigurationPlatforms) = preSolution
		Debug|Any CPU = Debug|Any CPU
		Release|Any CPU = Release|Any CPU
	EndGlobalSection
	GlobalSection(ProjectConfigurationPlatforms) = postSolution
		{0F63F7EE-20E2-4AA6-890A-E3A6BA0AD03D}.Debug|Any CPU.ActiveCfg = Debug|Any CPU
		{0F63F7EE-20E2-4AA6-890A-E3A6BA0AD03D}.Debug|Any CPU.Build.0 = Debug|Any CPU
		{0F63F7EE-20E2-4AA6-890A-E3A6BA0AD03D}.Release|Any CPU.ActiveCfg = Release|Any CPU
		{0F63F7EE-20E2-4AA6-890A-E3A6BA0AD03D}.Release|Any CPU.Build.0 = Release|Any CPU
		{9B5BE5D6-1667-448E-8A25-6DA7AE15BC89}.Debug|Any CPU.ActiveCfg = Debug|Any CPU
		{9B5BE5D6-1667-448E-8A25-6DA7AE15BC89}.Debug|Any CPU.Build.0 = Debug|Any CPU
		{9B5BE5D6-1667-448E-8A25-6DA7AE15BC89}.Release|Any CPU.ActiveCfg = Release|Any CPU
		{9B5BE5D6-1667-448E-8A25-6DA7AE15BC89}.Release|Any CPU.Build.0 = Release|Any CPU
	EndGlobalSection
	GlobalSection(SolutionProperties) = preSolution
		HideSolutionNode = FALSE
	EndGlobalSection
	GlobalSection(ExtensibilityGlobals) = postSolution
		SolutionGuid = {45FC0BB2-95A7-4193-92EC-1C5A38DD27EB}
	EndGlobalSection
EndGlobal
