
Microsoft Visual Studio Solution File, Format Version 12.00
# Visual Studio Version 16
VisualStudioVersion = 16.0.29102.190
MinimumVisualStudioVersion = 10.0.40219.1
Project("{FAE04EC0-301F-11D3-BF4B-00C04F79EFBC}") = "Factorizor.UI", "Factorizor.UI.csproj", "{636E476F-6DFB-4EF2-8B31-60F9C25E481F}"
EndProject
Project("{FAE04EC0-301F-11D3-BF4B-00C04F79EFBC}") = "Factorizor.BLL", "Factorizor.BLL\Factorizor.BLL.csproj", "{DF40C6A8-44CB-4CB9-B812-6309287154C3}"
EndProject
Project("{FAE04EC0-301F-11D3-BF4B-00C04F79EFBC}") = "Factorizor.Tests", "Factorizor.Tests\Factorizor.Tests.csproj", "{2DA9363F-9B31-4CD5-9E9B-3AFE089390C9}"
EndProject
Global
	GlobalSection(SolutionConfigurationPlatforms) = preSolution
		Debug|Any CPU = Debug|Any CPU
		Release|Any CPU = Release|Any CPU
	EndGlobalSection
	GlobalSection(ProjectConfigurationPlatforms) = postSolution
		{636E476F-6DFB-4EF2-8B31-60F9C25E481F}.Debug|Any CPU.ActiveCfg = Debug|Any CPU
		{636E476F-6DFB-4EF2-8B31-60F9C25E481F}.Debug|Any CPU.Build.0 = Debug|Any CPU
		{636E476F-6DFB-4EF2-8B31-60F9C25E481F}.Release|Any CPU.ActiveCfg = Release|Any CPU
		{636E476F-6DFB-4EF2-8B31-60F9C25E481F}.Release|Any CPU.Build.0 = Release|Any CPU
		{DF40C6A8-44CB-4CB9-B812-6309287154C3}.Debug|Any CPU.ActiveCfg = Debug|Any CPU
		{DF40C6A8-44CB-4CB9-B812-6309287154C3}.Debug|Any CPU.Build.0 = Debug|Any CPU
		{DF40C6A8-44CB-4CB9-B812-6309287154C3}.Release|Any CPU.ActiveCfg = Release|Any CPU
		{DF40C6A8-44CB-4CB9-B812-6309287154C3}.Release|Any CPU.Build.0 = Release|Any CPU
		{2DA9363F-9B31-4CD5-9E9B-3AFE089390C9}.Debug|Any CPU.ActiveCfg = Debug|Any CPU
		{2DA9363F-9B31-4CD5-9E9B-3AFE089390C9}.Debug|Any CPU.Build.0 = Debug|Any CPU
		{2DA9363F-9B31-4CD5-9E9B-3AFE089390C9}.Release|Any CPU.ActiveCfg = Release|Any CPU
		{2DA9363F-9B31-4CD5-9E9B-3AFE089390C9}.Release|Any CPU.Build.0 = Release|Any CPU
	EndGlobalSection
	GlobalSection(SolutionProperties) = preSolution
		HideSolutionNode = FALSE
	EndGlobalSection
	GlobalSection(ExtensibilityGlobals) = postSolution
		SolutionGuid = {089B183A-27C4-4F43-A8FD-D5B319D6E18B}
	EndGlobalSection
EndGlobal
