
Microsoft Visual Studio Solution File, Format Version 12.00
# Visual Studio Version 16
VisualStudioVersion = 16.0.29025.244
MinimumVisualStudioVersion = 10.0.40219.1
Project("{FAE04EC0-301F-11D3-BF4B-00C04F79EFBC}") = "RollerCoaster", "RollerCoaster.csproj", "{D078F03E-9B68-4B24-8E95-B234D02E3402}"
EndProject
Global
	GlobalSection(SolutionConfigurationPlatforms) = preSolution
		Debug|Any CPU = Debug|Any CPU
		Release|Any CPU = Release|Any CPU
	EndGlobalSection
	GlobalSection(ProjectConfigurationPlatforms) = postSolution
		{D078F03E-9B68-4B24-8E95-B234D02E3402}.Debug|Any CPU.ActiveCfg = Debug|Any CPU
		{D078F03E-9B68-4B24-8E95-B234D02E3402}.Debug|Any CPU.Build.0 = Debug|Any CPU
		{D078F03E-9B68-4B24-8E95-B234D02E3402}.Release|Any CPU.ActiveCfg = Release|Any CPU
		{D078F03E-9B68-4B24-8E95-B234D02E3402}.Release|Any CPU.Build.0 = Release|Any CPU
	EndGlobalSection
	GlobalSection(SolutionProperties) = preSolution
		HideSolutionNode = FALSE
	EndGlobalSection
	GlobalSection(ExtensibilityGlobals) = postSolution
		SolutionGuid = {72297190-258F-4DBF-AD29-A5D94B83A29F}
	EndGlobalSection
EndGlobal
