
Microsoft Visual Studio Solution File, Format Version 12.00
# Visual Studio Version 16
VisualStudioVersion = 16.0.29025.244
MinimumVisualStudioVersion = 10.0.40219.1
Project("{FAE04EC0-301F-11D3-BF4B-00C04F79EFBC}") = "PickyEater", "PickyEater.csproj", "{E6CF0B8C-E395-4BB9-8FE2-56C711278B09}"
EndProject
Global
	GlobalSection(SolutionConfigurationPlatforms) = preSolution
		Debug|Any CPU = Debug|Any CPU
		Release|Any CPU = Release|Any CPU
	EndGlobalSection
	GlobalSection(ProjectConfigurationPlatforms) = postSolution
		{E6CF0B8C-E395-4BB9-8FE2-56C711278B09}.Debug|Any CPU.ActiveCfg = Debug|Any CPU
		{E6CF0B8C-E395-4BB9-8FE2-56C711278B09}.Debug|Any CPU.Build.0 = Debug|Any CPU
		{E6CF0B8C-E395-4BB9-8FE2-56C711278B09}.Release|Any CPU.ActiveCfg = Release|Any CPU
		{E6CF0B8C-E395-4BB9-8FE2-56C711278B09}.Release|Any CPU.Build.0 = Release|Any CPU
	EndGlobalSection
	GlobalSection(SolutionProperties) = preSolution
		HideSolutionNode = FALSE
	EndGlobalSection
	GlobalSection(ExtensibilityGlobals) = postSolution
		SolutionGuid = {3EA8F983-A7D5-4048-9305-2E96C3DF1BB1}
	EndGlobalSection
EndGlobal
