
Microsoft Visual Studio Solution File, Format Version 12.00
# Visual Studio Version 16
VisualStudioVersion = 16.0.29025.244
MinimumVisualStudioVersion = 10.0.40219.1
Project("{FAE04EC0-301F-11D3-BF4B-00C04F79EFBC}") = "AnimalsPracticeMethods", "AnimalsPracticeMethods.csproj", "{F763EDCF-87EE-4AF4-A01D-C5A84BD446A3}"
EndProject
Global
	GlobalSection(SolutionConfigurationPlatforms) = preSolution
		Debug|Any CPU = Debug|Any CPU
		Release|Any CPU = Release|Any CPU
	EndGlobalSection
	GlobalSection(ProjectConfigurationPlatforms) = postSolution
		{F763EDCF-87EE-4AF4-A01D-C5A84BD446A3}.Debug|Any CPU.ActiveCfg = Debug|Any CPU
		{F763EDCF-87EE-4AF4-A01D-C5A84BD446A3}.Debug|Any CPU.Build.0 = Debug|Any CPU
		{F763EDCF-87EE-4AF4-A01D-C5A84BD446A3}.Release|Any CPU.ActiveCfg = Release|Any CPU
		{F763EDCF-87EE-4AF4-A01D-C5A84BD446A3}.Release|Any CPU.Build.0 = Release|Any CPU
	EndGlobalSection
	GlobalSection(SolutionProperties) = preSolution
		HideSolutionNode = FALSE
	EndGlobalSection
	GlobalSection(ExtensibilityGlobals) = postSolution
		SolutionGuid = {BF3DB2C7-3D32-47CA-B967-9ABCC91AAD1E}
	EndGlobalSection
EndGlobal
