
Microsoft Visual Studio Solution File, Format Version 12.00
# Visual Studio Version 16
VisualStudioVersion = 16.0.29025.244
MinimumVisualStudioVersion = 10.0.40219.1
Project("{FAE04EC0-301F-11D3-BF4B-00C04F79EFBC}") = "AdvancedClassDesign", "AdvancedClassDesign.csproj", "{C5996F8B-65D6-44D8-844D-697F6AA7D4F3}"
EndProject
Global
	GlobalSection(SolutionConfigurationPlatforms) = preSolution
		Debug|Any CPU = Debug|Any CPU
		Release|Any CPU = Release|Any CPU
	EndGlobalSection
	GlobalSection(ProjectConfigurationPlatforms) = postSolution
		{C5996F8B-65D6-44D8-844D-697F6AA7D4F3}.Debug|Any CPU.ActiveCfg = Debug|Any CPU
		{C5996F8B-65D6-44D8-844D-697F6AA7D4F3}.Debug|Any CPU.Build.0 = Debug|Any CPU
		{C5996F8B-65D6-44D8-844D-697F6AA7D4F3}.Release|Any CPU.ActiveCfg = Release|Any CPU
		{C5996F8B-65D6-44D8-844D-697F6AA7D4F3}.Release|Any CPU.Build.0 = Release|Any CPU
	EndGlobalSection
	GlobalSection(SolutionProperties) = preSolution
		HideSolutionNode = FALSE
	EndGlobalSection
	GlobalSection(ExtensibilityGlobals) = postSolution
		SolutionGuid = {D5A14134-A5CE-4C3E-BB15-9376942783F3}
	EndGlobalSection
EndGlobal
