
Microsoft Visual Studio Solution File, Format Version 12.00
# Visual Studio Version 16
VisualStudioVersion = 16.0.29025.244
MinimumVisualStudioVersion = 10.0.40219.1
Project("{FAE04EC0-301F-11D3-BF4B-00C04F79EFBC}") = "AllTheMaths.sln", "AllTheMaths.sln.csproj", "{573883BE-03A4-4984-82A0-D6FDFF66FC6A}"
EndProject
Global
	GlobalSection(SolutionConfigurationPlatforms) = preSolution
		Debug|Any CPU = Debug|Any CPU
		Release|Any CPU = Release|Any CPU
	EndGlobalSection
	GlobalSection(ProjectConfigurationPlatforms) = postSolution
		{573883BE-03A4-4984-82A0-D6FDFF66FC6A}.Debug|Any CPU.ActiveCfg = Debug|Any CPU
		{573883BE-03A4-4984-82A0-D6FDFF66FC6A}.Debug|Any CPU.Build.0 = Debug|Any CPU
		{573883BE-03A4-4984-82A0-D6FDFF66FC6A}.Release|Any CPU.ActiveCfg = Release|Any CPU
		{573883BE-03A4-4984-82A0-D6FDFF66FC6A}.Release|Any CPU.Build.0 = Release|Any CPU
	EndGlobalSection
	GlobalSection(SolutionProperties) = preSolution
		HideSolutionNode = FALSE
	EndGlobalSection
	GlobalSection(ExtensibilityGlobals) = postSolution
		SolutionGuid = {E51E0331-0AA1-4B24-92AD-951908C98EB8}
	EndGlobalSection
EndGlobal
